
Microsoft Visual Studio Solution File, Format Version 12.00
# Visual Studio 15
VisualStudioVersion = 15.0.28307.329
MinimumVisualStudioVersion = 10.0.40219.1
Project("{8BC9CEB8-8B4A-11D0-8D11-00A0C91BC942}") = "Project3 Calender", "Project3 Calender\Project3 Calender.vcxproj", "{A9B8CE35-BEFB-4B11-97CA-5BEE9FB2F324}"
EndProject
Global
	GlobalSection(SolutionConfigurationPlatforms) = preSolution
		Debug|x64 = Debug|x64
		Debug|x86 = Debug|x86
		Release|x64 = Release|x64
		Release|x86 = Release|x86
	EndGlobalSection
	GlobalSection(ProjectConfigurationPlatforms) = postSolution
		{A9B8CE35-BEFB-4B11-97CA-5BEE9FB2F324}.Debug|x64.ActiveCfg = Debug|x64
		{A9B8CE35-BEFB-4B11-97CA-5BEE9FB2F324}.Debug|x64.Build.0 = Debug|x64
		{A9B8CE35-BEFB-4B11-97CA-5BEE9FB2F324}.Debug|x86.ActiveCfg = Debug|Win32
		{A9B8CE35-BEFB-4B11-97CA-5BEE9FB2F324}.Debug|x86.Build.0 = Debug|Win32
		{A9B8CE35-BEFB-4B11-97CA-5BEE9FB2F324}.Release|x64.ActiveCfg = Release|x64
		{A9B8CE35-BEFB-4B11-97CA-5BEE9FB2F324}.Release|x64.Build.0 = Release|x64
		{A9B8CE35-BEFB-4B11-97CA-5BEE9FB2F324}.Release|x86.ActiveCfg = Release|Win32
		{A9B8CE35-BEFB-4B11-97CA-5BEE9FB2F324}.Release|x86.Build.0 = Release|Win32
	EndGlobalSection
	GlobalSection(SolutionProperties) = preSolution
		HideSolutionNode = FALSE
	EndGlobalSection
	GlobalSection(ExtensibilityGlobals) = postSolution
		SolutionGuid = {99A4D78B-0070-400F-B8B3-8B53CB9BA516}
	EndGlobalSection
EndGlobal
